
Microsoft Visual Studio Solution File, Format Version 12.00
# Visual Studio Version 17
VisualStudioVersion = 17.8.34316.72
MinimumVisualStudioVersion = 10.0.40219.1
Project("{FAE04EC0-301F-11D3-BF4B-00C04F79EFBC}") = "WpfTiliToli", "WpfTiliToli\WpfTiliToli.csproj", "{8F515153-1B3C-4A3E-A85F-E1F147D24DEF}"
EndProject
Global
	GlobalSection(SolutionConfigurationPlatforms) = preSolution
		Debug|Any CPU = Debug|Any CPU
		Release|Any CPU = Release|Any CPU
	EndGlobalSection
	GlobalSection(ProjectConfigurationPlatforms) = postSolution
		{8F515153-1B3C-4A3E-A85F-E1F147D24DEF}.Debug|Any CPU.ActiveCfg = Debug|Any CPU
		{8F515153-1B3C-4A3E-A85F-E1F147D24DEF}.Debug|Any CPU.Build.0 = Debug|Any CPU
		{8F515153-1B3C-4A3E-A85F-E1F147D24DEF}.Release|Any CPU.ActiveCfg = Release|Any CPU
		{8F515153-1B3C-4A3E-A85F-E1F147D24DEF}.Release|Any CPU.Build.0 = Release|Any CPU
	EndGlobalSection
	GlobalSection(SolutionProperties) = preSolution
		HideSolutionNode = FALSE
	EndGlobalSection
	GlobalSection(ExtensibilityGlobals) = postSolution
		SolutionGuid = {09C210BF-6262-45A8-88B6-F17407D6BEFE}
	EndGlobalSection
EndGlobal
